
Microsoft Visual Studio Solution File, Format Version 12.00
# Visual Studio Version 16
VisualStudioVersion = 16.0.29123.88
MinimumVisualStudioVersion = 10.0.40219.1
Project("{9A19103F-16F7-4668-BE54-9A1E7A4F7556}") = "ETLBox", "ETLBox\ETLBox.csproj", "{03805F53-2270-44DC-AEF5-F534539EBEA1}"
EndProject
Project("{9A19103F-16F7-4668-BE54-9A1E7A4F7556}") = "ETLBoxTest", "ETLBoxTest\ETLBoxTest.csproj", "{D4BE57C8-DA0A-4A52-9101-02C312C4951F}"
EndProject
Project("{9A19103F-16F7-4668-BE54-9A1E7A4F7556}") = "ETLBoxDocu", "ETLBoxDocu\ETLBoxDocu.csproj", "{B9BAD679-81F3-4D6D-BB3E-0BB3C7FA35A2}"
EndProject
Project("{9A19103F-16F7-4668-BE54-9A1E7A4F7556}") = "ETLBoxTests", "ETLBoxTests\ETLBoxTests.csproj", "{968F4BD4-286C-4B52-8EB4-3C72F0137DFD}"
EndProject
Project("{9A19103F-16F7-4668-BE54-9A1E7A4F7556}") = "ETLBoxNonParallelTests", "ETLBoxNonParallelTests\ETLBoxNonParallelTests.csproj", "{F5CF5138-7901-44B9-ABCC-8320717F6739}"
EndProject
Global
	GlobalSection(SolutionConfigurationPlatforms) = preSolution
		Debug|Any CPU = Debug|Any CPU
		Release|Any CPU = Release|Any CPU
	EndGlobalSection
	GlobalSection(ProjectConfigurationPlatforms) = postSolution
		{03805F53-2270-44DC-AEF5-F534539EBEA1}.Debug|Any CPU.ActiveCfg = Debug|Any CPU
		{03805F53-2270-44DC-AEF5-F534539EBEA1}.Debug|Any CPU.Build.0 = Debug|Any CPU
		{03805F53-2270-44DC-AEF5-F534539EBEA1}.Release|Any CPU.ActiveCfg = Release|Any CPU
		{03805F53-2270-44DC-AEF5-F534539EBEA1}.Release|Any CPU.Build.0 = Release|Any CPU
		{D4BE57C8-DA0A-4A52-9101-02C312C4951F}.Debug|Any CPU.ActiveCfg = Debug|Any CPU
		{D4BE57C8-DA0A-4A52-9101-02C312C4951F}.Debug|Any CPU.Build.0 = Debug|Any CPU
		{D4BE57C8-DA0A-4A52-9101-02C312C4951F}.Release|Any CPU.ActiveCfg = Release|Any CPU
		{D4BE57C8-DA0A-4A52-9101-02C312C4951F}.Release|Any CPU.Build.0 = Release|Any CPU
		{B9BAD679-81F3-4D6D-BB3E-0BB3C7FA35A2}.Debug|Any CPU.ActiveCfg = Debug|Any CPU
		{B9BAD679-81F3-4D6D-BB3E-0BB3C7FA35A2}.Release|Any CPU.ActiveCfg = Release|Any CPU
		{B9BAD679-81F3-4D6D-BB3E-0BB3C7FA35A2}.Release|Any CPU.Build.0 = Release|Any CPU
		{968F4BD4-286C-4B52-8EB4-3C72F0137DFD}.Debug|Any CPU.ActiveCfg = Debug|Any CPU
		{968F4BD4-286C-4B52-8EB4-3C72F0137DFD}.Debug|Any CPU.Build.0 = Debug|Any CPU
		{968F4BD4-286C-4B52-8EB4-3C72F0137DFD}.Release|Any CPU.ActiveCfg = Release|Any CPU
		{968F4BD4-286C-4B52-8EB4-3C72F0137DFD}.Release|Any CPU.Build.0 = Release|Any CPU
		{F5CF5138-7901-44B9-ABCC-8320717F6739}.Debug|Any CPU.ActiveCfg = Debug|Any CPU
		{F5CF5138-7901-44B9-ABCC-8320717F6739}.Debug|Any CPU.Build.0 = Debug|Any CPU
		{F5CF5138-7901-44B9-ABCC-8320717F6739}.Release|Any CPU.ActiveCfg = Release|Any CPU
		{F5CF5138-7901-44B9-ABCC-8320717F6739}.Release|Any CPU.Build.0 = Release|Any CPU
	EndGlobalSection
	GlobalSection(SolutionProperties) = preSolution
		HideSolutionNode = FALSE
	EndGlobalSection
	GlobalSection(ExtensibilityGlobals) = postSolution
		SolutionGuid = {5856FD5E-119B-42A2-96C0-B4923D1F0945}
	EndGlobalSection
EndGlobal
