
Microsoft Visual Studio Solution File, Format Version 12.00
# Visual Studio Version 17
VisualStudioVersion = 17.0.31912.275
MinimumVisualStudioVersion = 10.0.40219.1
Project("{9A19103F-16F7-4668-BE54-9A1E7A4F7556}") = "ETLBox", "ETLBox\ETLBox.csproj", "{03805F53-2270-44DC-AEF5-F534539EBEA1}"
EndProject
Project("{9A19103F-16F7-4668-BE54-9A1E7A4F7556}") = "TestNonParallel", "TestNonParallel\TestNonParallel.csproj", "{F5CF5138-7901-44B9-ABCC-8320717F6739}"
EndProject
Project("{9A19103F-16F7-4668-BE54-9A1E7A4F7556}") = "TestPerformance", "TestPerformance\TestPerformance.csproj", "{6A90A684-BAFE-4E1A-A952-92B68396060A}"
EndProject
Project("{9A19103F-16F7-4668-BE54-9A1E7A4F7556}") = "TestDatabaseConnectors", "TestDatabaseConnectors\TestDatabaseConnectors.csproj", "{6396080A-D858-4DE7-8927-95AA80AF81DE}"
EndProject
Project("{9A19103F-16F7-4668-BE54-9A1E7A4F7556}") = "TestShared", "TestShared\TestShared.csproj", "{F39485D8-E896-4471-BA6A-82E87E0F2224}"
EndProject
Project("{9A19103F-16F7-4668-BE54-9A1E7A4F7556}") = "TestControlFlowTasks", "TestControlFlowTasks\TestControlFlowTasks.csproj", "{9F526D84-3A9B-48C5-A45E-75738058C02D}"
EndProject
Project("{9A19103F-16F7-4668-BE54-9A1E7A4F7556}") = "TestTransformations", "TestTransformations\TestTransformations.csproj", "{C16F1E21-1400-456A-A118-FD0D31849462}"
EndProject
Project("{9A19103F-16F7-4668-BE54-9A1E7A4F7556}") = "TestFlatFileConnectors", "TestFlatFileConnectors\TestFlatFileConnectors.csproj", "{F5DC3CC7-DCCD-441E-8720-D94168A3A0F0}"
EndProject
Project("{9A19103F-16F7-4668-BE54-9A1E7A4F7556}") = "TestOtherConnectors", "TestOtherConnectors\TestOtherConnectors.csproj", "{532711D9-61BB-4329-AB72-864C140382DC}"
EndProject
Project("{9A19103F-16F7-4668-BE54-9A1E7A4F7556}") = "TestHelper", "TestHelper\TestHelper.csproj", "{FE99A768-FC42-4533-AC94-BE2F61A17E00}"
EndProject
Project("{9A19103F-16F7-4668-BE54-9A1E7A4F7556}") = "TestConnectionManager", "TestConnectionManager\TestConnectionManager.csproj", "{4823A6E7-A828-4F85-9C6A-1CE2FE22124C}"
EndProject
Project("{2150E333-8FDC-42A3-9474-1A3956D46DE8}") = ".Solution Items", ".Solution Items", "{C43B653D-EE88-496B-999E-5053A3478ADC}"
	ProjectSection(SolutionItems) = preProject
		.editorconfig = .editorconfig
		.gitignore = .gitignore
		.gitlab-ci.yml = .gitlab-ci.yml
		.version.yml = .version.yml
		Directory.Build.props = Directory.Build.props
		Directory.Build.targets = Directory.Build.targets
	EndProjectSection
EndProject
Project("{9A19103F-16F7-4668-BE54-9A1E7A4F7556}") = "TestSerialization", "TestSerialization\TestSerialization.csproj", "{C56A4910-3056-45D3-8F71-E8D7A8975BA2}"
EndProject
Project("{9A19103F-16F7-4668-BE54-9A1E7A4F7556}") = "EtlBox.ClickHouse", "EtlBox.ClieckHouse\EtlBox.ClickHouse.csproj", "{8CB207E3-0770-4442-AF3C-964CCAC09435}"
EndProject
Project("{9A19103F-16F7-4668-BE54-9A1E7A4F7556}") = "EtlBox.Database.Tests", "EtlBox.ClickHouse.Tests\EtlBox.Database.Tests.csproj", "{2EDA05B5-DE3B-46CF-9347-7DF90093E493}"
EndProject
Project("{9A19103F-16F7-4668-BE54-9A1E7A4F7556}") = "EtlBox.Logging.Database", "EtlBox.Configuration.NLog\EtlBox.Logging.Database.csproj", "{F6D9DC52-8C7E-433B-906C-40694E39C93A}"
EndProject
Global
	GlobalSection(SolutionConfigurationPlatforms) = preSolution
		Debug|Any CPU = Debug|Any CPU
		Release|Any CPU = Release|Any CPU
	EndGlobalSection
	GlobalSection(ProjectConfigurationPlatforms) = postSolution
		{03805F53-2270-44DC-AEF5-F534539EBEA1}.Debug|Any CPU.ActiveCfg = Debug|Any CPU
		{03805F53-2270-44DC-AEF5-F534539EBEA1}.Debug|Any CPU.Build.0 = Debug|Any CPU
		{03805F53-2270-44DC-AEF5-F534539EBEA1}.Release|Any CPU.ActiveCfg = Release|Any CPU
		{03805F53-2270-44DC-AEF5-F534539EBEA1}.Release|Any CPU.Build.0 = Release|Any CPU
		{F5CF5138-7901-44B9-ABCC-8320717F6739}.Debug|Any CPU.ActiveCfg = Debug|Any CPU
		{F5CF5138-7901-44B9-ABCC-8320717F6739}.Debug|Any CPU.Build.0 = Debug|Any CPU
		{F5CF5138-7901-44B9-ABCC-8320717F6739}.Release|Any CPU.ActiveCfg = Release|Any CPU
		{F5CF5138-7901-44B9-ABCC-8320717F6739}.Release|Any CPU.Build.0 = Release|Any CPU
		{6A90A684-BAFE-4E1A-A952-92B68396060A}.Debug|Any CPU.ActiveCfg = Debug|Any CPU
		{6A90A684-BAFE-4E1A-A952-92B68396060A}.Debug|Any CPU.Build.0 = Debug|Any CPU
		{6A90A684-BAFE-4E1A-A952-92B68396060A}.Release|Any CPU.ActiveCfg = Release|Any CPU
		{6A90A684-BAFE-4E1A-A952-92B68396060A}.Release|Any CPU.Build.0 = Release|Any CPU
		{6396080A-D858-4DE7-8927-95AA80AF81DE}.Debug|Any CPU.ActiveCfg = Debug|Any CPU
		{6396080A-D858-4DE7-8927-95AA80AF81DE}.Debug|Any CPU.Build.0 = Debug|Any CPU
		{6396080A-D858-4DE7-8927-95AA80AF81DE}.Release|Any CPU.ActiveCfg = Release|Any CPU
		{6396080A-D858-4DE7-8927-95AA80AF81DE}.Release|Any CPU.Build.0 = Release|Any CPU
		{F39485D8-E896-4471-BA6A-82E87E0F2224}.Debug|Any CPU.ActiveCfg = Debug|Any CPU
		{F39485D8-E896-4471-BA6A-82E87E0F2224}.Debug|Any CPU.Build.0 = Debug|Any CPU
		{F39485D8-E896-4471-BA6A-82E87E0F2224}.Release|Any CPU.ActiveCfg = Release|Any CPU
		{F39485D8-E896-4471-BA6A-82E87E0F2224}.Release|Any CPU.Build.0 = Release|Any CPU
		{9F526D84-3A9B-48C5-A45E-75738058C02D}.Debug|Any CPU.ActiveCfg = Debug|Any CPU
		{9F526D84-3A9B-48C5-A45E-75738058C02D}.Debug|Any CPU.Build.0 = Debug|Any CPU
		{9F526D84-3A9B-48C5-A45E-75738058C02D}.Release|Any CPU.ActiveCfg = Release|Any CPU
		{9F526D84-3A9B-48C5-A45E-75738058C02D}.Release|Any CPU.Build.0 = Release|Any CPU
		{C16F1E21-1400-456A-A118-FD0D31849462}.Debug|Any CPU.ActiveCfg = Debug|Any CPU
		{C16F1E21-1400-456A-A118-FD0D31849462}.Debug|Any CPU.Build.0 = Debug|Any CPU
		{C16F1E21-1400-456A-A118-FD0D31849462}.Release|Any CPU.ActiveCfg = Release|Any CPU
		{C16F1E21-1400-456A-A118-FD0D31849462}.Release|Any CPU.Build.0 = Release|Any CPU
		{F5DC3CC7-DCCD-441E-8720-D94168A3A0F0}.Debug|Any CPU.ActiveCfg = Debug|Any CPU
		{F5DC3CC7-DCCD-441E-8720-D94168A3A0F0}.Debug|Any CPU.Build.0 = Debug|Any CPU
		{F5DC3CC7-DCCD-441E-8720-D94168A3A0F0}.Release|Any CPU.ActiveCfg = Release|Any CPU
		{F5DC3CC7-DCCD-441E-8720-D94168A3A0F0}.Release|Any CPU.Build.0 = Release|Any CPU
		{532711D9-61BB-4329-AB72-864C140382DC}.Debug|Any CPU.ActiveCfg = Debug|Any CPU
		{532711D9-61BB-4329-AB72-864C140382DC}.Debug|Any CPU.Build.0 = Debug|Any CPU
		{532711D9-61BB-4329-AB72-864C140382DC}.Release|Any CPU.ActiveCfg = Release|Any CPU
		{532711D9-61BB-4329-AB72-864C140382DC}.Release|Any CPU.Build.0 = Release|Any CPU
		{FE99A768-FC42-4533-AC94-BE2F61A17E00}.Debug|Any CPU.ActiveCfg = Debug|Any CPU
		{FE99A768-FC42-4533-AC94-BE2F61A17E00}.Debug|Any CPU.Build.0 = Debug|Any CPU
		{FE99A768-FC42-4533-AC94-BE2F61A17E00}.Release|Any CPU.ActiveCfg = Release|Any CPU
		{FE99A768-FC42-4533-AC94-BE2F61A17E00}.Release|Any CPU.Build.0 = Release|Any CPU
		{4823A6E7-A828-4F85-9C6A-1CE2FE22124C}.Debug|Any CPU.ActiveCfg = Debug|Any CPU
		{4823A6E7-A828-4F85-9C6A-1CE2FE22124C}.Debug|Any CPU.Build.0 = Debug|Any CPU
		{4823A6E7-A828-4F85-9C6A-1CE2FE22124C}.Release|Any CPU.ActiveCfg = Release|Any CPU
		{4823A6E7-A828-4F85-9C6A-1CE2FE22124C}.Release|Any CPU.Build.0 = Release|Any CPU
		{C56A4910-3056-45D3-8F71-E8D7A8975BA2}.Debug|Any CPU.ActiveCfg = Debug|Any CPU
		{C56A4910-3056-45D3-8F71-E8D7A8975BA2}.Debug|Any CPU.Build.0 = Debug|Any CPU
		{C56A4910-3056-45D3-8F71-E8D7A8975BA2}.Release|Any CPU.ActiveCfg = Release|Any CPU
		{C56A4910-3056-45D3-8F71-E8D7A8975BA2}.Release|Any CPU.Build.0 = Release|Any CPU
		{8CB207E3-0770-4442-AF3C-964CCAC09435}.Debug|Any CPU.ActiveCfg = Debug|Any CPU
		{8CB207E3-0770-4442-AF3C-964CCAC09435}.Debug|Any CPU.Build.0 = Debug|Any CPU
		{8CB207E3-0770-4442-AF3C-964CCAC09435}.Release|Any CPU.ActiveCfg = Release|Any CPU
		{8CB207E3-0770-4442-AF3C-964CCAC09435}.Release|Any CPU.Build.0 = Release|Any CPU
		{2EDA05B5-DE3B-46CF-9347-7DF90093E493}.Debug|Any CPU.ActiveCfg = Debug|Any CPU
		{2EDA05B5-DE3B-46CF-9347-7DF90093E493}.Debug|Any CPU.Build.0 = Debug|Any CPU
		{2EDA05B5-DE3B-46CF-9347-7DF90093E493}.Release|Any CPU.ActiveCfg = Release|Any CPU
		{2EDA05B5-DE3B-46CF-9347-7DF90093E493}.Release|Any CPU.Build.0 = Release|Any CPU
		{F6D9DC52-8C7E-433B-906C-40694E39C93A}.Debug|Any CPU.ActiveCfg = Debug|Any CPU
		{F6D9DC52-8C7E-433B-906C-40694E39C93A}.Debug|Any CPU.Build.0 = Debug|Any CPU
		{F6D9DC52-8C7E-433B-906C-40694E39C93A}.Release|Any CPU.ActiveCfg = Release|Any CPU
		{F6D9DC52-8C7E-433B-906C-40694E39C93A}.Release|Any CPU.Build.0 = Release|Any CPU
	EndGlobalSection
	GlobalSection(SolutionProperties) = preSolution
		HideSolutionNode = FALSE
	EndGlobalSection
	GlobalSection(ExtensibilityGlobals) = postSolution
		SolutionGuid = {5856FD5E-119B-42A2-96C0-B4923D1F0945}
	EndGlobalSection
EndGlobal
